
Microsoft Visual Studio Solution File, Format Version 12.00
Project("{2150E333-8FDC-42A3-9474-1A3956D46DE8}") = "src", "src", "{DFA97097-F4B2-4EA2-929F-3A2BEB61DF15}"
EndProject
Project("{FAE04EC0-301F-11D3-BF4B-00C04F79EFBC}") = "MoneyMinder.Domain", "MoneyMinder.Domain\MoneyMinder.Domain.csproj", "{5B33618B-E852-47CE-AD37-0F3213DBAB0E}"
EndProject
Project("{2150E333-8FDC-42A3-9474-1A3956D46DE8}") = "Shared", "Shared", "{6874F41C-DE16-477A-A6D1-EC70BF664699}"
EndProject
Project("{FAE04EC0-301F-11D3-BF4B-00C04F79EFBC}") = "MoneyMinder.Application", "MoneyMinder.Application\MoneyMinder.Application.csproj", "{AB6C0C01-358C-4D61-BBDD-A5BEFE2413C7}"
EndProject
Project("{FAE04EC0-301F-11D3-BF4B-00C04F79EFBC}") = "MoneyMinder.Infrastructure", "MoneyMinder.Infrastructure\MoneyMinder.Infrastructure.csproj", "{0EFE228B-4A09-4B5A-AB7F-85B71333E93F}"
EndProject
Project("{FAE04EC0-301F-11D3-BF4B-00C04F79EFBC}") = "MoneyMinder.API", "MoneyMinder.API\MoneyMinder.API.csproj", "{4647BD48-BD44-4E89-B96F-32B2B0313FD2}"
EndProject
Project("{FAE04EC0-301F-11D3-BF4B-00C04F79EFBC}") = "MoneyMinder.Shared.Abstractions", "MoneyMinder.Shared.Abstractions\MoneyMinder.Shared.Abstractions.csproj", "{27B0B2C7-D2DF-4333-9B9A-EADB7739A339}"
EndProject
Project("{FAE04EC0-301F-11D3-BF4B-00C04F79EFBC}") = "MoneyMinder.Shared", "MoneyMinder.Shared\MoneyMinder.Shared.csproj", "{AADB5CDA-5F38-4CD0-8499-FB465A256A8C}"
EndProject
Global
	GlobalSection(SolutionConfigurationPlatforms) = preSolution
		Debug|Any CPU = Debug|Any CPU
		Release|Any CPU = Release|Any CPU
	EndGlobalSection
	GlobalSection(NestedProjects) = preSolution
		{5B33618B-E852-47CE-AD37-0F3213DBAB0E} = {DFA97097-F4B2-4EA2-929F-3A2BEB61DF15}
		{6874F41C-DE16-477A-A6D1-EC70BF664699} = {DFA97097-F4B2-4EA2-929F-3A2BEB61DF15}
		{AB6C0C01-358C-4D61-BBDD-A5BEFE2413C7} = {DFA97097-F4B2-4EA2-929F-3A2BEB61DF15}
		{0EFE228B-4A09-4B5A-AB7F-85B71333E93F} = {DFA97097-F4B2-4EA2-929F-3A2BEB61DF15}
		{4647BD48-BD44-4E89-B96F-32B2B0313FD2} = {DFA97097-F4B2-4EA2-929F-3A2BEB61DF15}
		{27B0B2C7-D2DF-4333-9B9A-EADB7739A339} = {6874F41C-DE16-477A-A6D1-EC70BF664699}
		{AADB5CDA-5F38-4CD0-8499-FB465A256A8C} = {6874F41C-DE16-477A-A6D1-EC70BF664699}
	EndGlobalSection
	GlobalSection(ProjectConfigurationPlatforms) = postSolution
		{5B33618B-E852-47CE-AD37-0F3213DBAB0E}.Debug|Any CPU.ActiveCfg = Debug|Any CPU
		{5B33618B-E852-47CE-AD37-0F3213DBAB0E}.Debug|Any CPU.Build.0 = Debug|Any CPU
		{5B33618B-E852-47CE-AD37-0F3213DBAB0E}.Release|Any CPU.ActiveCfg = Release|Any CPU
		{5B33618B-E852-47CE-AD37-0F3213DBAB0E}.Release|Any CPU.Build.0 = Release|Any CPU
		{AB6C0C01-358C-4D61-BBDD-A5BEFE2413C7}.Debug|Any CPU.ActiveCfg = Debug|Any CPU
		{AB6C0C01-358C-4D61-BBDD-A5BEFE2413C7}.Debug|Any CPU.Build.0 = Debug|Any CPU
		{AB6C0C01-358C-4D61-BBDD-A5BEFE2413C7}.Release|Any CPU.ActiveCfg = Release|Any CPU
		{AB6C0C01-358C-4D61-BBDD-A5BEFE2413C7}.Release|Any CPU.Build.0 = Release|Any CPU
		{0EFE228B-4A09-4B5A-AB7F-85B71333E93F}.Debug|Any CPU.ActiveCfg = Debug|Any CPU
		{0EFE228B-4A09-4B5A-AB7F-85B71333E93F}.Debug|Any CPU.Build.0 = Debug|Any CPU
		{0EFE228B-4A09-4B5A-AB7F-85B71333E93F}.Release|Any CPU.ActiveCfg = Release|Any CPU
		{0EFE228B-4A09-4B5A-AB7F-85B71333E93F}.Release|Any CPU.Build.0 = Release|Any CPU
		{4647BD48-BD44-4E89-B96F-32B2B0313FD2}.Debug|Any CPU.ActiveCfg = Debug|Any CPU
		{4647BD48-BD44-4E89-B96F-32B2B0313FD2}.Debug|Any CPU.Build.0 = Debug|Any CPU
		{4647BD48-BD44-4E89-B96F-32B2B0313FD2}.Release|Any CPU.ActiveCfg = Release|Any CPU
		{4647BD48-BD44-4E89-B96F-32B2B0313FD2}.Release|Any CPU.Build.0 = Release|Any CPU
		{27B0B2C7-D2DF-4333-9B9A-EADB7739A339}.Debug|Any CPU.ActiveCfg = Debug|Any CPU
		{27B0B2C7-D2DF-4333-9B9A-EADB7739A339}.Debug|Any CPU.Build.0 = Debug|Any CPU
		{27B0B2C7-D2DF-4333-9B9A-EADB7739A339}.Release|Any CPU.ActiveCfg = Release|Any CPU
		{27B0B2C7-D2DF-4333-9B9A-EADB7739A339}.Release|Any CPU.Build.0 = Release|Any CPU
		{AADB5CDA-5F38-4CD0-8499-FB465A256A8C}.Debug|Any CPU.ActiveCfg = Debug|Any CPU
		{AADB5CDA-5F38-4CD0-8499-FB465A256A8C}.Debug|Any CPU.Build.0 = Debug|Any CPU
		{AADB5CDA-5F38-4CD0-8499-FB465A256A8C}.Release|Any CPU.ActiveCfg = Release|Any CPU
		{AADB5CDA-5F38-4CD0-8499-FB465A256A8C}.Release|Any CPU.Build.0 = Release|Any CPU
	EndGlobalSection
EndGlobal
