
Microsoft Visual Studio Solution File, Format Version 12.00
Project("{FAE04EC0-301F-11D3-BF4B-00C04F79EFBC}") = "MoneyMinder.Domain", "MoneyMinder.Domain\MoneyMinder.Domain.csproj", "{3A4D1AE5-10F8-4259-8295-93F71F6943AC}"
EndProject
Project("{FAE04EC0-301F-11D3-BF4B-00C04F79EFBC}") = "MoneyMinder.Application", "MoneyMinder.Application\MoneyMinder.Application.csproj", "{4AE43472-4740-4B6E-A907-054302BD5DEA}"
EndProject
Project("{FAE04EC0-301F-11D3-BF4B-00C04F79EFBC}") = "MoneyMinder.Infrastructure", "MoneyMinder.Infrastructure\MoneyMinder.Infrastructure.csproj", "{AB9C0964-A2BE-4DF5-879A-D48AAD89C562}"
EndProject
Project("{FAE04EC0-301F-11D3-BF4B-00C04F79EFBC}") = "MoneyMinder.API", "MoneyMinder.API\MoneyMinder.API.csproj", "{4439FF56-4F8D-4BB3-9039-BAA973D26897}"
EndProject
Global
	GlobalSection(SolutionConfigurationPlatforms) = preSolution
		Debug|Any CPU = Debug|Any CPU
		Release|Any CPU = Release|Any CPU
	EndGlobalSection
	GlobalSection(ProjectConfigurationPlatforms) = postSolution
		{3A4D1AE5-10F8-4259-8295-93F71F6943AC}.Debug|Any CPU.ActiveCfg = Debug|Any CPU
		{3A4D1AE5-10F8-4259-8295-93F71F6943AC}.Debug|Any CPU.Build.0 = Debug|Any CPU
		{3A4D1AE5-10F8-4259-8295-93F71F6943AC}.Release|Any CPU.ActiveCfg = Release|Any CPU
		{3A4D1AE5-10F8-4259-8295-93F71F6943AC}.Release|Any CPU.Build.0 = Release|Any CPU
		{4AE43472-4740-4B6E-A907-054302BD5DEA}.Debug|Any CPU.ActiveCfg = Debug|Any CPU
		{4AE43472-4740-4B6E-A907-054302BD5DEA}.Debug|Any CPU.Build.0 = Debug|Any CPU
		{4AE43472-4740-4B6E-A907-054302BD5DEA}.Release|Any CPU.ActiveCfg = Release|Any CPU
		{4AE43472-4740-4B6E-A907-054302BD5DEA}.Release|Any CPU.Build.0 = Release|Any CPU
		{AB9C0964-A2BE-4DF5-879A-D48AAD89C562}.Debug|Any CPU.ActiveCfg = Debug|Any CPU
		{AB9C0964-A2BE-4DF5-879A-D48AAD89C562}.Debug|Any CPU.Build.0 = Debug|Any CPU
		{AB9C0964-A2BE-4DF5-879A-D48AAD89C562}.Release|Any CPU.ActiveCfg = Release|Any CPU
		{AB9C0964-A2BE-4DF5-879A-D48AAD89C562}.Release|Any CPU.Build.0 = Release|Any CPU
		{4439FF56-4F8D-4BB3-9039-BAA973D26897}.Debug|Any CPU.ActiveCfg = Debug|Any CPU
		{4439FF56-4F8D-4BB3-9039-BAA973D26897}.Debug|Any CPU.Build.0 = Debug|Any CPU
		{4439FF56-4F8D-4BB3-9039-BAA973D26897}.Release|Any CPU.ActiveCfg = Release|Any CPU
		{4439FF56-4F8D-4BB3-9039-BAA973D26897}.Release|Any CPU.Build.0 = Release|Any CPU
	EndGlobalSection
EndGlobal
